{
	"name": "gpa.hampton.pw",
	"version": "0.1.0",
	"lockfileVersion": 1,
	"requires": true,
	"dependencies": {
		"@vue/cli-plugin-babel": {
			"version": "3.7.0",
			"resolved": "https://registry.npmjs.org/@vue/cli-plugin-babel/-/cli-plugin-babel-3.7.0.tgz",
			"integrity": "sha512-QysJYerzaGzvJ5iT61KpE4hFHiDU8NQ7QjSwIkOAJAx0KY8o0WCjLpAVvjmKtZqNXPBc5Jc3P+eeaz9qQPWNeQ==",
			"dev": true
		},
		"@vue/cli-plugin-eslint": {
			"version": "3.7.0",
			"resolved": "https://registry.npmjs.org/@vue/cli-plugin-eslint/-/cli-plugin-eslint-3.7.0.tgz",
			"integrity": "sha512-oFdOLQu6PQKbxinF55XH1lH8hgiDRyb3gIvSKu5YV5r6dnsRdKDxOKLE1PTbaZzQot3Ny/Y7gk025x1qpni3IA==",
			"dev": true,
			"dependencies": {
				"ajv": {
					"version": "5.5.2",
					"resolved": "https://registry.npmjs.org/ajv/-/ajv-5.5.2.tgz",
					"integrity": "sha1-c7Xuyj+rZT49P5Qis0GtQiBdyWU="
				},
				"ansi-regex": {
					"version": "3.0.0",
					"resolved": "https://registry.npmjs.org/ansi-regex/-/ansi-regex-3.0.0.tgz",
					"integrity": "sha1-7QMXwyIGT3lGbAKWa922Bas32Zg="
				},
				"cross-spawn": {
					"version": "5.1.0",
					"resolved": "https://registry.npmjs.org/cross-spawn/-/cross-spawn-5.1.0.tgz",
					"integrity": "sha1-6L0O/uWPz/b4+UUQoKVUu/ojVEk="
				},
				"eslint": {
					"version": "4.19.1",
					"resolved": "https://registry.npmjs.org/eslint/-/eslint-4.19.1.tgz",
					"integrity": "sha512-bT3/1x1EbZB7phzYu7vCr1v3ONuzDtX8WjuM9c0iYxe+cq+pwcKEoQjl7zd3RpC6YOLgnSy3cTN58M2jcoPDIQ=="
				},
				"eslint-plugin-vue": {
					"version": "4.7.1",
					"resolved": "https://registry.npmjs.org/eslint-plugin-vue/-/eslint-plugin-vue-4.7.1.tgz",
					"integrity": "sha512-esETKhVMI7Vdli70Wt4bvAwnZBJeM0pxVX9Yb0wWKxdCJc2EADalVYK/q2FzMw8oKN0wPMdqVCKS8kmR89recA=="
				},
				"eslint-scope": {
					"version": "3.7.3",
					"resolved": "https://registry.npmjs.org/eslint-scope/-/eslint-scope-3.7.3.tgz",
					"integrity": "sha512-W+B0SvF4gamyCTmUc+uITPY0989iXVfKvhwtmJocTaYoc/3khEHmEmvfY/Gn9HA9VV75jrQECsHizkNw1b68FA=="
				},
				"fast-deep-equal": {
					"version": "1.1.0",
					"resolved": "https://registry.npmjs.org/fast-deep-equal/-/fast-deep-equal-1.1.0.tgz",
					"integrity": "sha1-wFNHeBfIa1HaqFPIHgWbcz0CNhQ="
				},
				"json-schema-traverse": {
					"version": "0.3.1",
					"resolved": "https://registry.npmjs.org/json-schema-traverse/-/json-schema-traverse-0.3.1.tgz",
					"integrity": "sha1-NJptRMU6Ud6JtAgFxdXlm0F9M0A="
				},
				"lru-cache": {
					"version": "4.1.5",
					"resolved": "https://registry.npmjs.org/lru-cache/-/lru-cache-4.1.5.tgz",
					"integrity": "sha512-sWZlbEP2OsHNkXrMl5GYk/jKk70MBng6UU4YI/qGDYbgf6YbP4EvmqISbXCoJiRKs+1bSpFHVgQxvJ17F2li5g=="
				},
				"strip-ansi": {
					"version": "4.0.0",
					"resolved": "https://registry.npmjs.org/strip-ansi/-/strip-ansi-4.0.0.tgz",
					"integrity": "sha1-qEeQIusaw2iocTibY1JixQXuNo8="
				},
				"yallist": {
					"version": "2.1.2",
					"resolved": "https://registry.npmjs.org/yallist/-/yallist-2.1.2.tgz",
					"integrity": "sha1-HBH5IY8HYImkfdUS+TxmmaaoHVI="
				}
			}
		},
		"@vue/cli-service": {
			"version": "3.7.0",
			"resolved": "https://registry.npmjs.org/@vue/cli-service/-/cli-service-3.7.0.tgz",
			"integrity": "sha512-RMVwpCE3EB9cL9VAgu1Dy/tGxz5zrVG4UMPk5t4KDu8jJhHxvcAzgIEIfS6KRp0AKfA6iDW4J0NU0fopnpyL+g==",
			"dev": true,
			"dependencies": {
				"acorn": {
					"version": "6.1.1",
					"resolved": "https://registry.npmjs.org/acorn/-/acorn-6.1.1.tgz",
					"integrity": "sha512-jPTiwtOxaHNaAPg/dmrJ/beuzLRnXtB0kQPQ8JpotKJgTB6rX6c8mlf315941pyjBSaPg8NHXS9fhP4u17DpGA=="
				},
				"debug": {
					"version": "4.1.1",
					"resolved": "https://registry.npmjs.org/debug/-/debug-4.1.1.tgz",
					"integrity": "sha512-pYAIzeRo8J6KPEaJ0VWOh5Pzkbw/RetuzehGM7QRRX5he4fPHx2rdKMB256ehJCkX+XRQm16eZLqLNS8RSZXZw=="
				},
				"semver": {
					"version": "6.0.0",
					"resolved": "https://registry.npmjs.org/semver/-/semver-6.0.0.tgz",
					"integrity": "sha512-0UewU+9rFapKFnlbirLi3byoOuhrSsli/z/ihNnvM24vgF+8sNBiI1LZPBSH9wJKUwaUbw+s3hToDLCXkrghrQ=="
				}
			}
		},
		"axios": {
			"version": "0.18.1",
			"resolved": "https://registry.npmjs.org/axios/-/axios-0.18.1.tgz",
			"integrity": "sha512-0BfJq4NSfQXd+SkFdrvFbG7addhYSBA2mQwISr46pD6E5iqkWg02RAs8vyTT/j0RTnoYmeXauBuSv1qKwR179g==",
			"requires": {
				"follow-redirects": "1.5.10",
				"is-buffer": "^2.0.2"
			},
			"dependencies": {
				"debug": {
					"version": "3.1.0",
					"resolved": "https://registry.npmjs.org/debug/-/debug-3.1.0.tgz",
					"integrity": "sha512-OX8XqP7/1a9cqkxYw2yXss15f26NKWBpDXQd0/uK/KPqdQhxbPa994hnzjcE2VqQpDslf55723cKPUOGSmMY3g==",
					"requires": {
						"ms": "2.0.0"
					}
				},
				"follow-redirects": {
					"version": "1.5.10",
					"resolved": "https://registry.npmjs.org/follow-redirects/-/follow-redirects-1.5.10.tgz",
					"integrity": "sha512-0V5l4Cizzvqt5D44aTXbFZz+FtyXV1vrDN6qrelxtfYQKW0KO0W2T/hkE8xvGa/540LkZlkaUjO4ailYTFtHVQ==",
					"requires": {
						"debug": "=3.1.0"
					}
				},
				"is-buffer": {
					"version": "2.0.4",
					"resolved": "https://registry.npmjs.org/is-buffer/-/is-buffer-2.0.4.tgz",
					"integrity": "sha512-Kq1rokWXOPXWuaMAqZiJW4XxsmD9zGx9q4aePabbn3qCRGedtH7Cm+zV8WETitMfu1wdh+Rvd6w5egwSngUX2A=="
				},
				"ms": {
					"version": "2.0.0",
					"resolved": "https://registry.npmjs.org/ms/-/ms-2.0.0.tgz",
					"integrity": "sha1-VgiurfwAvmwpAd9fmGF4jeDVl8g="
				}
			}
		},
		"babel-eslint": {
			"version": "10.0.1",
			"resolved": "https://registry.npmjs.org/babel-eslint/-/babel-eslint-10.0.1.tgz",
			"integrity": "sha512-z7OT1iNV+TjOwHNLLyJk+HN+YVWX+CLE6fPD2SymJZOZQBs+QIexFjhm4keGTm8MW9xr4EC9Q0PbaLB24V5GoQ==",
			"dev": true,
			"dependencies": {
				"eslint-scope": {
					"version": "3.7.1",
					"resolved": "https://registry.npmjs.org/eslint-scope/-/eslint-scope-3.7.1.tgz",
					"integrity": "sha1-PWPD7f2gLgbgGkUq2IyqzHzctug="
				}
			}
		},
		"core-js": {
			"version": "2.6.5",
			"resolved": "https://registry.npmjs.org/core-js/-/core-js-2.6.5.tgz",
			"integrity": "sha512-klh/kDpwX8hryYL14M9w/xei6vrv6sE8gTHDG7/T/+SEovB/G4ejwcfE/CBzO6Edsu+OETZMZ3wcX/EjUkrl5A=="
		},
		"eslint": {
			"version": "5.16.0",
			"resolved": "https://registry.npmjs.org/eslint/-/eslint-5.16.0.tgz",
			"integrity": "sha512-S3Rz11i7c8AA5JPv7xAH+dOyq/Cu/VXHiHXBPOU1k/JAM5dXqQPt3qcrhpHSorXmrpu2g0gkIBVXAqCpzfoZIg==",
			"dev": true,
			"dependencies": {
				"acorn": {
					"version": "6.1.1",
					"resolved": "https://registry.npmjs.org/acorn/-/acorn-6.1.1.tgz",
					"integrity": "sha512-jPTiwtOxaHNaAPg/dmrJ/beuzLRnXtB0kQPQ8JpotKJgTB6rX6c8mlf315941pyjBSaPg8NHXS9fhP4u17DpGA=="
				},
				"acorn-jsx": {
					"version": "5.0.1",
					"resolved": "https://registry.npmjs.org/acorn-jsx/-/acorn-jsx-5.0.1.tgz",
					"integrity": "sha512-HJ7CfNHrfJLlNTzIEUTj43LNWGkqpRLxm3YjAlcD0ACydk9XynzYsCBHxut+iqt+1aBXkx9UP/w/ZqMr13XIzg=="
				},
				"chardet": {
					"version": "0.7.0",
					"resolved": "https://registry.npmjs.org/chardet/-/chardet-0.7.0.tgz",
					"integrity": "sha512-mT8iDcrh03qDGRRmoA2hmBJnxpllMR+0/0qlzjqZES6NdiWDcZkCNAk4rPFZ9Q85r27unkiNNg8ZOiwZXBHwcA=="
				},
				"debug": {
					"version": "4.1.1",
					"resolved": "https://registry.npmjs.org/debug/-/debug-4.1.1.tgz",
					"integrity": "sha512-pYAIzeRo8J6KPEaJ0VWOh5Pzkbw/RetuzehGM7QRRX5he4fPHx2rdKMB256ehJCkX+XRQm16eZLqLNS8RSZXZw=="
				},
				"doctrine": {
					"version": "3.0.0",
					"resolved": "https://registry.npmjs.org/doctrine/-/doctrine-3.0.0.tgz",
					"integrity": "sha512-yS+Q5i3hBf7GBkd4KG8a7eBNNWNGLTaEwwYWUijIYM7zrlYDM0BFXHjjPWlWZ1Rg7UaddZeIDmi9jF3HmqiQ2w=="
				},
				"espree": {
					"version": "5.0.1",
					"resolved": "https://registry.npmjs.org/espree/-/espree-5.0.1.tgz",
					"integrity": "sha512-qWAZcWh4XE/RwzLJejfcofscgMc9CamR6Tn1+XRXNzrvUSSbiAjGOI/fggztjIi7y9VLPqnICMIPiGyr8JaZ0A=="
				},
				"external-editor": {
					"version": "3.0.3",
					"resolved": "https://registry.npmjs.org/external-editor/-/external-editor-3.0.3.tgz",
					"integrity": "sha512-bn71H9+qWoOQKyZDo25mOMVpSmXROAsTJVVVYzrrtol3d4y+AsKjf4Iwl2Q+IuT0kFSQ1qo166UuIwqYq7mGnA=="
				},
				"file-entry-cache": {
					"version": "5.0.1",
					"resolved": "https://registry.npmjs.org/file-entry-cache/-/file-entry-cache-5.0.1.tgz",
					"integrity": "sha512-bCg29ictuBaKUwwArK4ouCaqDgLZcysCFLmM/Yn/FDoqndh/9vNuQfXRDvTuXKLxfD/JtZQGKFT8MGcJBK644g=="
				},
				"flat-cache": {
					"version": "2.0.1",
					"resolved": "https://registry.npmjs.org/flat-cache/-/flat-cache-2.0.1.tgz",
					"integrity": "sha512-LoQe6yDuUMDzQAEH8sgmh4Md6oZnc/7PjtwjNFSzveXqSHt6ka9fPBuso7IGf9Rz4uqnSnWiFH2B/zj24a5ReA=="
				},
				"ignore": {
					"version": "4.0.6",
					"resolved": "https://registry.npmjs.org/ignore/-/ignore-4.0.6.tgz",
					"integrity": "sha512-cyFDKrqc/YdcWFniJhzI42+AzS+gNwmUzOSFcRCQYwySuBBBy/KjuxWLZ/FHEH6Moq1NizMOBWyTcv8O4OZIMg=="
				},
				"import-fresh": {
					"version": "3.0.0",
					"resolved": "https://registry.npmjs.org/import-fresh/-/import-fresh-3.0.0.tgz",
					"integrity": "sha512-pOnA9tfM3Uwics+SaBLCNyZZZbK+4PTu0OPZtLlMIrv17EdBoC15S9Kn8ckJ9TZTyKb3ywNE5y1yeDxxGA7nTQ=="
				},
				"inquirer": {
					"version": "6.3.1",
					"resolved": "https://registry.npmjs.org/inquirer/-/inquirer-6.3.1.tgz",
					"integrity": "sha512-MmL624rfkFt4TG9y/Jvmt8vdmOo836U7Y0Hxr2aFk3RelZEGX4Igk0KabWrcaaZaTv9uzglOqWh1Vly+FAWAXA==",
					"dependencies": {
						"strip-ansi": {
							"version": "5.2.0",
							"resolved": "https://registry.npmjs.org/strip-ansi/-/strip-ansi-5.2.0.tgz",
							"integrity": "sha512-DuRs1gKbBqsMKIZlrffwlug8MHkcnpjs5VPmL1PAh+mA30U0DTotfDZ0d2UUsXpPmPmMMJ6W773MaA3J+lbiWA=="
						}
					}
				},
				"regexpp": {
					"version": "2.0.1",
					"resolved": "https://registry.npmjs.org/regexpp/-/regexpp-2.0.1.tgz",
					"integrity": "sha512-lv0M6+TkDVniA3aD1Eg0DVpfU/booSu7Eev3TDO/mZKHBfVjgCGTV4t4buppESEYDtkArYFOxTJWv6S5C+iaNw=="
				},
				"resolve-from": {
					"version": "4.0.0",
					"resolved": "https://registry.npmjs.org/resolve-from/-/resolve-from-4.0.0.tgz",
					"integrity": "sha512-pb/MYmXstAkysRFx8piNI1tGFNQIFA3vkE3Gq4EuA1dF6gHp/+vgZqsCGJapvy8N3Q+4o7FwvquPJcnZ7RYy4g=="
				},
				"slice-ansi": {
					"version": "2.1.0",
					"resolved": "https://registry.npmjs.org/slice-ansi/-/slice-ansi-2.1.0.tgz",
					"integrity": "sha512-Qu+VC3EwYLldKa1fCxuuvULvSJOKEgk9pi8dZeCVK7TqBfUNTH4sFkk4joj8afVSfAYgJoSOetjx9QWOJ5mYoQ=="
				},
				"strip-ansi": {
					"version": "4.0.0",
					"resolved": "https://registry.npmjs.org/strip-ansi/-/strip-ansi-4.0.0.tgz",
					"integrity": "sha1-qEeQIusaw2iocTibY1JixQXuNo8=",
					"dependencies": {
						"ansi-regex": {
							"version": "3.0.0",
							"resolved": "https://registry.npmjs.org/ansi-regex/-/ansi-regex-3.0.0.tgz",
							"integrity": "sha1-7QMXwyIGT3lGbAKWa922Bas32Zg="
						}
					}
				},
				"table": {
					"version": "5.2.3",
					"resolved": "https://registry.npmjs.org/table/-/table-5.2.3.tgz",
					"integrity": "sha512-N2RsDAMvDLvYwFcwbPyF3VmVSSkuF+G1e+8inhBLtHpvwXGw4QRPEZhihQNeEN0i1up6/f6ObCJXNdlRG3YVyQ==",
					"dependencies": {
						"string-width": {
							"version": "3.1.0",
							"resolved": "https://registry.npmjs.org/string-width/-/string-width-3.1.0.tgz",
							"integrity": "sha512-vafcv6KjVZKSgz06oM/H6GDBrAtz8vdhQakGjFIvNrHA6y3HCF1CInLy+QLq8dTJPQ1b+KDUqDFctkdRW44e1w=="
						},
						"strip-ansi": {
							"version": "5.2.0",
							"resolved": "https://registry.npmjs.org/strip-ansi/-/strip-ansi-5.2.0.tgz",
							"integrity": "sha512-DuRs1gKbBqsMKIZlrffwlug8MHkcnpjs5VPmL1PAh+mA30U0DTotfDZ0d2UUsXpPmPmMMJ6W773MaA3J+lbiWA=="
						}
					}
				},
				"write": {
					"version": "1.0.3",
					"resolved": "https://registry.npmjs.org/write/-/write-1.0.3.tgz",
					"integrity": "sha512-/lg70HAjtkUgWPVZhZcm+T4hkL8Zbtp1nFNOn3lRrxnlv50SRBv7cR7RqR+GMsd3hUXy9hWBo4CHTbFTcOYwig=="
				}
			}
		},
		"eslint-plugin-vue": {
			"version": "5.2.2",
			"resolved": "https://registry.npmjs.org/eslint-plugin-vue/-/eslint-plugin-vue-5.2.2.tgz",
			"integrity": "sha512-CtGWH7IB0DA6BZOwcV9w9q3Ri6Yuo8qMjx05SmOGJ6X6E0Yo3y9E/gQ5tuNxg2dEt30tRnBoFTbvtmW9iEoyHA==",
			"dev": true,
			"dependencies": {
				"acorn": {
					"version": "6.1.1",
					"resolved": "https://registry.npmjs.org/acorn/-/acorn-6.1.1.tgz",
					"integrity": "sha512-jPTiwtOxaHNaAPg/dmrJ/beuzLRnXtB0kQPQ8JpotKJgTB6rX6c8mlf315941pyjBSaPg8NHXS9fhP4u17DpGA=="
				},
				"acorn-jsx": {
					"version": "5.0.1",
					"resolved": "https://registry.npmjs.org/acorn-jsx/-/acorn-jsx-5.0.1.tgz",
					"integrity": "sha512-HJ7CfNHrfJLlNTzIEUTj43LNWGkqpRLxm3YjAlcD0ACydk9XynzYsCBHxut+iqt+1aBXkx9UP/w/ZqMr13XIzg=="
				},
				"debug": {
					"version": "4.1.1",
					"resolved": "https://registry.npmjs.org/debug/-/debug-4.1.1.tgz",
					"integrity": "sha512-pYAIzeRo8J6KPEaJ0VWOh5Pzkbw/RetuzehGM7QRRX5he4fPHx2rdKMB256ehJCkX+XRQm16eZLqLNS8RSZXZw=="
				},
				"espree": {
					"version": "4.1.0",
					"resolved": "https://registry.npmjs.org/espree/-/espree-4.1.0.tgz",
					"integrity": "sha512-I5BycZW6FCVIub93TeVY1s7vjhP9CY6cXCznIRfiig7nRviKZYdRnj/sHEWC6A7WE9RDWOFq9+7OsWSYz8qv2w=="
				},
				"vue-eslint-parser": {
					"version": "5.0.0",
					"resolved": "https://registry.npmjs.org/vue-eslint-parser/-/vue-eslint-parser-5.0.0.tgz",
					"integrity": "sha512-JlHVZwBBTNVvzmifwjpZYn0oPWH2SgWv5dojlZBsrhablDu95VFD+hriB1rQGwbD+bms6g+rAFhQHk6+NyiS6g=="
				}
			}
		},
		"vue": {
			"version": "2.6.10",
			"resolved": "https://registry.npmjs.org/vue/-/vue-2.6.10.tgz",
			"integrity": "sha512-ImThpeNU9HbdZL3utgMCq0oiMzAkt1mcgy3/E6zWC/G6AaQoeuFdsl9nDhTDU3X1R6FK7nsIUuRACVcjI+A2GQ=="
		},
		"vue-router": {
			"version": "3.0.6",
			"resolved": "https://registry.npmjs.org/vue-router/-/vue-router-3.0.6.tgz",
			"integrity": "sha512-Ox0ciFLswtSGRTHYhGvx2L44sVbTPNS+uD2kRISuo8B39Y79rOo0Kw0hzupTmiVtftQYCZl87mwldhh2L9Aquw=="
		},
		"vue-template-compiler": {
			"version": "2.6.10",
			"resolved": "https://registry.npmjs.org/vue-template-compiler/-/vue-template-compiler-2.6.10.tgz",
			"integrity": "sha512-jVZkw4/I/HT5ZMvRnhv78okGusqe0+qH2A0Em0Cp8aq78+NK9TII263CDVz2QXZsIT+yyV/gZc/j/vlwa+Epyg==",
			"dev": true
		},
		"vuex": {
			"version": "3.1.0",
			"resolved": "https://registry.npmjs.org/vuex/-/vuex-3.1.0.tgz",
			"integrity": "sha512-mdHeHT/7u4BncpUZMlxNaIdcN/HIt1GsGG5LKByArvYG/v6DvHcOxvDCts+7SRdCoIRGllK8IMZvQtQXLppDYg=="
		}
	}
}
